{
  "name": "node",
  "lockfileVersion": 3,
  "requires": true,
  "packages": {}
}
// This is a package-lock.json file for a Node.js project
// It contains metadata about the project's dependencies
// The "lockfileVersion" specifies the version of the lockfile format
// The "requires" field indicates whether the project requires dependencies
// The "packages" object will store information about the project's dependencies
